
Microsoft Visual Studio Solution File, Format Version 12.00
# Visual Studio Version 17
VisualStudioVersion = 17.14.36401.2 d17.14
MinimumVisualStudioVersion = 10.0.40219.1
Project("{FAE04EC0-301F-11D3-BF4B-00C04F79EFBC}") = "Demo.Layouts", "Demo.Layouts\Demo.Layouts.csproj", "{F26F679C-4815-48A8-ADEA-A6C1F7E1EBF2}"
EndProject
Global
	GlobalSection(SolutionConfigurationPlatforms) = preSolution
		Debug|Any CPU = Debug|Any CPU
		Release|Any CPU = Release|Any CPU
	EndGlobalSection
	GlobalSection(ProjectConfigurationPlatforms) = postSolution
		{F26F679C-4815-48A8-ADEA-A6C1F7E1EBF2}.Debug|Any CPU.ActiveCfg = Debug|Any CPU
		{F26F679C-4815-48A8-ADEA-A6C1F7E1EBF2}.Debug|Any CPU.Build.0 = Debug|Any CPU
		{F26F679C-4815-48A8-ADEA-A6C1F7E1EBF2}.Release|Any CPU.ActiveCfg = Release|Any CPU
		{F26F679C-4815-48A8-ADEA-A6C1F7E1EBF2}.Release|Any CPU.Build.0 = Release|Any CPU
	EndGlobalSection
	GlobalSection(SolutionProperties) = preSolution
		HideSolutionNode = FALSE
	EndGlobalSection
	GlobalSection(ExtensibilityGlobals) = postSolution
		SolutionGuid = {4B87AB51-3BD4-4FF7-BF2D-25C75CEC7989}
	EndGlobalSection
EndGlobal
